
Microsoft Visual Studio Solution File, Format Version 12.00
# Visual Studio 2012
Project("{8BC9CEB8-8B4A-11D0-8D11-00A0C91BC942}") = "Fans", "Fans\Fans.vcxproj", "{972BF209-3CB9-4D7B-B351-0D95D3AF249D}"
EndProject
Global
	GlobalSection(SolutionConfigurationPlatforms) = preSolution
		Debug|Win32 = Debug|Win32
		Release|Win32 = Release|Win32
	EndGlobalSection
	GlobalSection(ProjectConfigurationPlatforms) = postSolution
		{972BF209-3CB9-4D7B-B351-0D95D3AF249D}.Debug|Win32.ActiveCfg = Debug|Win32
		{972BF209-3CB9-4D7B-B351-0D95D3AF249D}.Debug|Win32.Build.0 = Debug|Win32
		{972BF209-3CB9-4D7B-B351-0D95D3AF249D}.Release|Win32.ActiveCfg = Release|Win32
		{972BF209-3CB9-4D7B-B351-0D95D3AF249D}.Release|Win32.Build.0 = Release|Win32
	EndGlobalSection
	GlobalSection(SolutionProperties) = preSolution
		HideSolutionNode = FALSE
	EndGlobalSection
EndGlobal
